
Microsoft Visual Studio Solution File, Format Version 12.00
# Visual Studio 2012
Project("{FAE04EC0-301F-11D3-BF4B-00C04F79EFBC}") = "Web.UI", "Web.UI\Web.UI.csproj", "{EA6D3DF7-A117-4B9D-945D-DCCC791CE078}"
EndProject
Project("{2150E333-8FDC-42A3-9474-1A3956D46DE8}") = "UI", "UI", "{501D9AF5-7B3D-4D5A-B2E6-B8BAEC57C15E}"
EndProject
Project("{FAE04EC0-301F-11D3-BF4B-00C04F79EFBC}") = "Web.IService", "Web.IService\Web.IService.csproj", "{EE6ACFD5-3445-46F9-9BB0-402EDBA2ACD3}"
EndProject
Project("{FAE04EC0-301F-11D3-BF4B-00C04F79EFBC}") = "Web.Service", "Web.Service\Web.Service.csproj", "{0B6E3DE4-1DC7-4B07-83ED-4884E217A431}"
EndProject
Project("{FAE04EC0-301F-11D3-BF4B-00C04F79EFBC}") = "Web.IRespository", "Web.IRespository\Web.IRespository.csproj", "{DD18A13A-53F7-4629-B5D7-54C816C68241}"
EndProject
Project("{FAE04EC0-301F-11D3-BF4B-00C04F79EFBC}") = "Web.Respository", "Web.Respository\Web.Respository.csproj", "{4E9AB00B-AC01-4D95-809F-1F13CEC6E3E3}"
EndProject
Project("{FAE04EC0-301F-11D3-BF4B-00C04F79EFBC}") = "Web.EFEntity", "Web.Model\Web.EFEntity.csproj", "{737DC5EA-C446-4DD5-AC61-7ECA7F0CE1D6}"
EndProject
Project("{2150E333-8FDC-42A3-9474-1A3956D46DE8}") = "Service", "Service", "{C759A2C8-6E32-4901-B33E-AB31087FD160}"
EndProject
Project("{2150E333-8FDC-42A3-9474-1A3956D46DE8}") = "Respository", "Respository", "{151B8E1E-9129-4FB9-B923-3BC5DA1E3578}"
EndProject
Project("{2150E333-8FDC-42A3-9474-1A3956D46DE8}") = "Entity", "Entity", "{3EFEB206-F6E4-4CE4-8C46-0BEBE672D2A3}"
EndProject
Project("{2150E333-8FDC-42A3-9474-1A3956D46DE8}") = "Common", "Common", "{ABE4BCBE-243A-4DEE-95EA-84160B1105D5}"
EndProject
Project("{FAE04EC0-301F-11D3-BF4B-00C04F79EFBC}") = "NanHuaDDD", "NanHuaDDD\NanHuaDDD.csproj", "{CB0361C8-EBCF-4CB1-8E12-1FD56E254842}"
EndProject
Project("{FAE04EC0-301F-11D3-BF4B-00C04F79EFBC}") = "Admin", "Web.UI\Areas\Admin\Admin.csproj", "{6108527B-E154-4C4C-A3E6-D9D7FFE8892B}"
EndProject
Project("{2150E333-8FDC-42A3-9474-1A3956D46DE8}") = "DTO", "DTO", "{A14B091F-F09D-4FA2-9897-27F5F21AD8ED}"
EndProject
Project("{FAE04EC0-301F-11D3-BF4B-00C04F79EFBC}") = "Web.DTOEntity", "Web.DTOEntity\Web.DTOEntity.csproj", "{43D79800-5A69-437A-A05E-C48A501B864C}"
EndProject
Global
	GlobalSection(SolutionConfigurationPlatforms) = preSolution
		Debug|Any CPU = Debug|Any CPU
		Release|Any CPU = Release|Any CPU
	EndGlobalSection
	GlobalSection(ProjectConfigurationPlatforms) = postSolution
		{EA6D3DF7-A117-4B9D-945D-DCCC791CE078}.Debug|Any CPU.ActiveCfg = Debug|Any CPU
		{EA6D3DF7-A117-4B9D-945D-DCCC791CE078}.Debug|Any CPU.Build.0 = Debug|Any CPU
		{EA6D3DF7-A117-4B9D-945D-DCCC791CE078}.Release|Any CPU.ActiveCfg = Release|Any CPU
		{EA6D3DF7-A117-4B9D-945D-DCCC791CE078}.Release|Any CPU.Build.0 = Release|Any CPU
		{EE6ACFD5-3445-46F9-9BB0-402EDBA2ACD3}.Debug|Any CPU.ActiveCfg = Debug|Any CPU
		{EE6ACFD5-3445-46F9-9BB0-402EDBA2ACD3}.Debug|Any CPU.Build.0 = Debug|Any CPU
		{EE6ACFD5-3445-46F9-9BB0-402EDBA2ACD3}.Release|Any CPU.ActiveCfg = Release|Any CPU
		{EE6ACFD5-3445-46F9-9BB0-402EDBA2ACD3}.Release|Any CPU.Build.0 = Release|Any CPU
		{0B6E3DE4-1DC7-4B07-83ED-4884E217A431}.Debug|Any CPU.ActiveCfg = Debug|Any CPU
		{0B6E3DE4-1DC7-4B07-83ED-4884E217A431}.Debug|Any CPU.Build.0 = Debug|Any CPU
		{0B6E3DE4-1DC7-4B07-83ED-4884E217A431}.Release|Any CPU.ActiveCfg = Release|Any CPU
		{0B6E3DE4-1DC7-4B07-83ED-4884E217A431}.Release|Any CPU.Build.0 = Release|Any CPU
		{DD18A13A-53F7-4629-B5D7-54C816C68241}.Debug|Any CPU.ActiveCfg = Debug|Any CPU
		{DD18A13A-53F7-4629-B5D7-54C816C68241}.Debug|Any CPU.Build.0 = Debug|Any CPU
		{DD18A13A-53F7-4629-B5D7-54C816C68241}.Release|Any CPU.ActiveCfg = Release|Any CPU
		{DD18A13A-53F7-4629-B5D7-54C816C68241}.Release|Any CPU.Build.0 = Release|Any CPU
		{4E9AB00B-AC01-4D95-809F-1F13CEC6E3E3}.Debug|Any CPU.ActiveCfg = Debug|Any CPU
		{4E9AB00B-AC01-4D95-809F-1F13CEC6E3E3}.Debug|Any CPU.Build.0 = Debug|Any CPU
		{4E9AB00B-AC01-4D95-809F-1F13CEC6E3E3}.Release|Any CPU.ActiveCfg = Release|Any CPU
		{4E9AB00B-AC01-4D95-809F-1F13CEC6E3E3}.Release|Any CPU.Build.0 = Release|Any CPU
		{737DC5EA-C446-4DD5-AC61-7ECA7F0CE1D6}.Debug|Any CPU.ActiveCfg = Debug|Any CPU
		{737DC5EA-C446-4DD5-AC61-7ECA7F0CE1D6}.Debug|Any CPU.Build.0 = Debug|Any CPU
		{737DC5EA-C446-4DD5-AC61-7ECA7F0CE1D6}.Release|Any CPU.ActiveCfg = Release|Any CPU
		{737DC5EA-C446-4DD5-AC61-7ECA7F0CE1D6}.Release|Any CPU.Build.0 = Release|Any CPU
		{CB0361C8-EBCF-4CB1-8E12-1FD56E254842}.Debug|Any CPU.ActiveCfg = Debug|Any CPU
		{CB0361C8-EBCF-4CB1-8E12-1FD56E254842}.Debug|Any CPU.Build.0 = Debug|Any CPU
		{CB0361C8-EBCF-4CB1-8E12-1FD56E254842}.Release|Any CPU.ActiveCfg = Release|Any CPU
		{CB0361C8-EBCF-4CB1-8E12-1FD56E254842}.Release|Any CPU.Build.0 = Release|Any CPU
		{6108527B-E154-4C4C-A3E6-D9D7FFE8892B}.Debug|Any CPU.ActiveCfg = Debug|Any CPU
		{6108527B-E154-4C4C-A3E6-D9D7FFE8892B}.Debug|Any CPU.Build.0 = Debug|Any CPU
		{6108527B-E154-4C4C-A3E6-D9D7FFE8892B}.Release|Any CPU.ActiveCfg = Release|Any CPU
		{6108527B-E154-4C4C-A3E6-D9D7FFE8892B}.Release|Any CPU.Build.0 = Release|Any CPU
		{43D79800-5A69-437A-A05E-C48A501B864C}.Debug|Any CPU.ActiveCfg = Debug|Any CPU
		{43D79800-5A69-437A-A05E-C48A501B864C}.Debug|Any CPU.Build.0 = Debug|Any CPU
		{43D79800-5A69-437A-A05E-C48A501B864C}.Release|Any CPU.ActiveCfg = Release|Any CPU
		{43D79800-5A69-437A-A05E-C48A501B864C}.Release|Any CPU.Build.0 = Release|Any CPU
	EndGlobalSection
	GlobalSection(SolutionProperties) = preSolution
		HideSolutionNode = FALSE
	EndGlobalSection
	GlobalSection(NestedProjects) = preSolution
		{EA6D3DF7-A117-4B9D-945D-DCCC791CE078} = {501D9AF5-7B3D-4D5A-B2E6-B8BAEC57C15E}
		{6108527B-E154-4C4C-A3E6-D9D7FFE8892B} = {501D9AF5-7B3D-4D5A-B2E6-B8BAEC57C15E}
		{0B6E3DE4-1DC7-4B07-83ED-4884E217A431} = {C759A2C8-6E32-4901-B33E-AB31087FD160}
		{EE6ACFD5-3445-46F9-9BB0-402EDBA2ACD3} = {C759A2C8-6E32-4901-B33E-AB31087FD160}
		{4E9AB00B-AC01-4D95-809F-1F13CEC6E3E3} = {151B8E1E-9129-4FB9-B923-3BC5DA1E3578}
		{DD18A13A-53F7-4629-B5D7-54C816C68241} = {151B8E1E-9129-4FB9-B923-3BC5DA1E3578}
		{737DC5EA-C446-4DD5-AC61-7ECA7F0CE1D6} = {3EFEB206-F6E4-4CE4-8C46-0BEBE672D2A3}
		{CB0361C8-EBCF-4CB1-8E12-1FD56E254842} = {ABE4BCBE-243A-4DEE-95EA-84160B1105D5}
		{43D79800-5A69-437A-A05E-C48A501B864C} = {A14B091F-F09D-4FA2-9897-27F5F21AD8ED}
	EndGlobalSection
EndGlobal
